// !$*UTF8*$!
{
	archiveVersion = 1;
	classes = {
	};
	objectVersion = 46;
	objects = {

/* Begin PBXBuildFile section */
		9B3C6DF01CB8B7FC00AC512B /* SongModel.swift in Sources */ = {isa = PBXBuildFile; fileRef = 9B3C6DEF1CB8B7FC00AC512B /* SongModel.swift */; };
		9B41B4591C16428000814F96 /* AppDelegate.swift in Sources */ = {isa = PBXBuildFile; fileRef = 9B41B4581C16428000814F96 /* AppDelegate.swift */; };
		9B41B45B1C16428000814F96 /* ViewController.swift in Sources */ = {isa = PBXBuildFile; fileRef = 9B41B45A1C16428000814F96 /* ViewController.swift */; };
		9B41B45E1C16428000814F96 /* Main.storyboard in Resources */ = {isa = PBXBuildFile; fileRef = 9B41B45C1C16428000814F96 /* Main.storyboard */; };
		9B41B4601C16428000814F96 /* Assets.xcassets in Resources */ = {isa = PBXBuildFile; fileRef = 9B41B45F1C16428000814F96 /* Assets.xcassets */; };
		9B41B4631C16428000814F96 /* LaunchScreen.storyboard in Resources */ = {isa = PBXBuildFile; fileRef = 9B41B4611C16428000814F96 /* LaunchScreen.storyboard */; };
		9B41B46E1C16428000814F96 /* songfinTests.swift in Sources */ = {isa = PBXBuildFile; fileRef = 9B41B46D1C16428000814F96 /* songfinTests.swift */; };
		9B41B4791C16428000814F96 /* songfinUITests.swift in Sources */ = {isa = PBXBuildFile; fileRef = 9B41B4781C16428000814F96 /* songfinUITests.swift */; };
/* End PBXBuildFile section */

/* Begin PBXContainerItemProxy section */
		9B41B46A1C16428000814F96 /* PBXContainerItemProxy */ = {
			isa = PBXContainerItemProxy;
			containerPortal = 9B41B44D1C16428000814F96 /* Project object */;
			proxyType = 1;
			remoteGlobalIDString = 9B41B4541C16428000814F96;
			remoteInfo = songfin;
		};
		9B41B4751C16428000814F96 /* PBXContainerItemProxy */ = {
			isa = PBXContainerItemProxy;
			containerPortal = 9B41B44D1C16428000814F96 /* Project object */;
			proxyType = 1;
			remoteGlobalIDString = 9B41B4541C16428000814F96;
			remoteInfo = songfin;
		};
/* End PBXContainerItemProxy section */

/* Begin PBXFileReference section */
		9B3C6DEF1CB8B7FC00AC512B /* SongModel.swift */ = {isa = PBXFileReference; fileEncoding = 4; lastKnownFileType = sourcecode.swift; path = SongModel.swift; sourceTree = "<group>"; };
		9B41B4551C16428000814F96 /* songfin.app */ = {isa = PBXFileReference; explicitFileType = wrapper.application; includeInIndex = 0; path = songfin.app; sourceTree = BUILT_PRODUCTS_DIR; };
		9B41B4581C16428000814F96 /* AppDelegate.swift */ = {isa = PBXFileReference; lastKnownFileType = sourcecode.swift; path = AppDelegate.swift; sourceTree = "<group>"; };
		9B41B45A1C16428000814F96 /* ViewController.swift */ = {isa = PBXFileReference; lastKnownFileType = sourcecode.swift; path = ViewController.swift; sourceTree = "<group>"; };
		9B41B45D1C16428000814F96 /* Base */ = {isa = PBXFileReference; lastKnownFileType = file.storyboard; name = Base; path = Base.lproj/Main.storyboard; sourceTree = "<group>"; };
		9B41B45F1C16428000814F96 /* Assets.xcassets */ = {isa = PBXFileReference; lastKnownFileType = folder.assetcatalog; path = Assets.xcassets; sourceTree = "<group>"; };
		9B41B4621C16428000814F96 /* Base */ = {isa = PBXFileReference; lastKnownFileType = file.storyboard; name = Base; path = Base.lproj/LaunchScreen.storyboard; sourceTree = "<group>"; };
		9B41B4641C16428000814F96 /* Info.plist */ = {isa = PBXFileReference; lastKnownFileType = text.plist.xml; path = Info.plist; sourceTree = "<group>"; };
		9B41B4691C16428000814F96 /* songfinTests.xctest */ = {isa = PBXFileReference; explicitFileType = wrapper.cfbundle; includeInIndex = 0; path = songfinTests.xctest; sourceTree = BUILT_PRODUCTS_DIR; };
		9B41B46D1C16428000814F96 /* songfinTests.swift */ = {isa = PBXFileReference; lastKnownFileType = sourcecode.swift; path = songfinTests.swift; sourceTree = "<group>"; };
		9B41B46F1C16428000814F96 /* Info.plist */ = {isa = PBXFileReference; lastKnownFileType = text.plist.xml; path = Info.plist; sourceTree = "<group>"; };
		9B41B4741C16428000814F96 /* songfinUITests.xctest */ = {isa = PBXFileReference; explicitFileType = wrapper.cfbundle; includeInIndex = 0; path = songfinUITests.xctest; sourceTree = BUILT_PRODUCTS_DIR; };
		9B41B4781C16428000814F96 /* songfinUITests.swift */ = {isa = PBXFileReference; lastKnownFileType = sourcecode.swift; path = songfinUITests.swift; sourceTree = "<group>"; };
		9B41B47A1C16428000814F96 /* Info.plist */ = {isa = PBXFileReference; lastKnownFileType = text.plist.xml; path = Info.plist; sourceTree = "<group>"; };
/* End PBXFileReference section */

/* Begin PBXFrameworksBuildPhase section */
		9B41B4521C16428000814F96 /* Frameworks */ = {
			isa = PBXFrameworksBuildPhase;
			buildActionMask = 2147483647;
			files = (
			);
			runOnlyForDeploymentPostprocessing = 0;
		};
		9B41B4661C16428000814F96 /* Frameworks */ = {
			isa = PBXFrameworksBuildPhase;
			buildActionMask = 2147483647;
			files = (
			);
			runOnlyForDeploymentPostprocessing = 0;
		};
		9B41B4711C16428000814F96 /* Frameworks */ = {
			isa = PBXFrameworksBuildPhase;
			buildActionMask = 2147483647;
			files = (
			);
			runOnlyForDeploymentPostprocessing = 0;
		};
/* End PBXFrameworksBuildPhase section */

/* Begin PBXGroup section */
		9B41B44C1C16428000814F96 = {
			isa = PBXGroup;
			children = (
				9B41B4571C16428000814F96 /* songfin */,
				9B41B46C1C16428000814F96 /* songfinTests */,
				9B41B4771C16428000814F96 /* songfinUITests */,
				9B41B4561C16428000814F96 /* Products */,
			);
			sourceTree = "<group>";
		};
		9B41B4561C16428000814F96 /* Products */ = {
			isa = PBXGroup;
			children = (
				9B41B4551C16428000814F96 /* songfin.app */,
				9B41B4691C16428000814F96 /* songfinTests.xctest */,
				9B41B4741C16428000814F96 /* songfinUITests.xctest */,
			);
			name = Products;
			sourceTree = "<group>";
		};
		9B41B4571C16428000814F96 /* songfin */ = {
			isa = PBXGroup;
			children = (
				9B41B4581C16428000814F96 /* AppDelegate.swift */,
				9B41B45A1C16428000814F96 /* ViewController.swift */,
				9B3C6DEF1CB8B7FC00AC512B /* SongModel.swift */,
				9B41B45C1C16428000814F96 /* Main.storyboard */,
				9B41B45F1C16428000814F96 /* Assets.xcassets */,
				9B41B4611C16428000814F96 /* LaunchScreen.storyboard */,
				9B41B4641C16428000814F96 /* Info.plist */,
			);
			path = songfin;
			sourceTree = "<group>";
		};
		9B41B46C1C16428000814F96 /* songfinTests */ = {
			isa = PBXGroup;
			children = (
				9B41B46D1C16428000814F96 /* songfinTests.swift */,
				9B41B46F1C16428000814F96 /* Info.plist */,
			);
			path = songfinTests;
			sourceTree = "<group>";
		};
		9B41B4771C16428000814F96 /* songfinUITests */ = {
			isa = PBXGroup;
			children = (
				9B41B4781C16428000814F96 /* songfinUITests.swift */,
				9B41B47A1C16428000814F96 /* Info.plist */,
			);
			path = songfinUITests;
			sourceTree = "<group>";
		};
/* End PBXGroup section */

/* Begin PBXNativeTarget section */
		9B41B4541C16428000814F96 /* songfin */ = {
			isa = PBXNativeTarget;
			buildConfigurationList = 9B41B47D1C16428000814F96 /* Build configuration list for PBXNativeTarget "songfin" */;
			buildPhases = (
				9B41B4511C16428000814F96 /* Sources */,
				9B41B4521C16428000814F96 /* Frameworks */,
				9B41B4531C16428000814F96 /* Resources */,
			);
			buildRules = (
			);
			dependencies = (
			);
			name = songfin;
			productName = songfin;
			productReference = 9B41B4551C16428000814F96 /* songfin.app */;
			productType = "com.apple.product-type.application";
		};
		9B41B4681C16428000814F96 /* songfinTests */ = {
			isa = PBXNativeTarget;
			buildConfigurationList = 9B41B4801C16428000814F96 /* Build configuration list for PBXNativeTarget "songfinTests" */;
			buildPhases = (
				9B41B4651C16428000814F96 /* Sources */,
				9B41B4661C16428000814F96 /* Frameworks */,
				9B41B4671C16428000814F96 /* Resources */,
			);
			buildRules = (
			);
			dependencies = (
				9B41B46B1C16428000814F96 /* PBXTargetDependency */,
			);
			name = songfinTests;
			productName = songfinTests;
			productReference = 9B41B4691C16428000814F96 /* songfinTests.xctest */;
			productType = "com.apple.product-type.bundle.unit-test";
		};
		9B41B4731C16428000814F96 /* songfinUITests */ = {
			isa = PBXNativeTarget;
			buildConfigurationList = 9B41B4831C16428000814F96 /* Build configuration list for PBXNativeTarget "songfinUITests" */;
			buildPhases = (
				9B41B4701C16428000814F96 /* Sources */,
				9B41B4711C16428000814F96 /* Frameworks */,
				9B41B4721C16428000814F96 /* Resources */,
			);
			buildRules = (
			);
			dependencies = (
				9B41B4761C16428000814F96 /* PBXTargetDependency */,
			);
			name = songfinUITests;
			productName = songfinUITests;
			productReference = 9B41B4741C16428000814F96 /* songfinUITests.xctest */;
			productType = "com.apple.product-type.bundle.ui-testing";
		};
/* End PBXNativeTarget section */

/* Begin PBXProject section */
		9B41B44D1C16428000814F96 /* Project object */ = {
			isa = PBXProject;
			attributes = {
				LastSwiftUpdateCheck = 0710;
				LastUpgradeCheck = 0710;
				ORGANIZATIONNAME = songfininc;
				TargetAttributes = {
					9B41B4541C16428000814F96 = {
						CreatedOnToolsVersion = 7.1.1;
						LastSwiftMigration = 0820;
					};
					9B41B4681C16428000814F96 = {
						CreatedOnToolsVersion = 7.1.1;
						LastSwiftMigration = 0820;
						TestTargetID = 9B41B4541C16428000814F96;
					};
					9B41B4731C16428000814F96 = {
						CreatedOnToolsVersion = 7.1.1;
						LastSwiftMigration = 0820;
						TestTargetID = 9B41B4541C16428000814F96;
					};
				};
			};
			buildConfigurationList = 9B41B4501C16428000814F96 /* Build configuration list for PBXProject "songfin" */;
			compatibilityVersion = "Xcode 3.2";
			developmentRegion = English;
			hasScannedForEncodings = 0;
			knownRegions = (
				en,
				Base,
			);
			mainGroup = 9B41B44C1C16428000814F96;
			productRefGroup = 9B41B4561C16428000814F96 /* Products */;
			projectDirPath = "";
			projectRoot = "";
			targets = (
				9B41B4541C16428000814F96 /* songfin */,
				9B41B4681C16428000814F96 /* songfinTests */,
				9B41B4731C16428000814F96 /* songfinUITests */,
			);
		};
/* End PBXProject section */

/* Begin PBXResourcesBuildPhase section */
		9B41B4531C16428000814F96 /* Resources */ = {
			isa = PBXResourcesBuildPhase;
			buildActionMask = 2147483647;
			files = (
				9B41B4631C16428000814F96 /* LaunchScreen.storyboard in Resources */,
				9B41B4601C16428000814F96 /* Assets.xcassets in Resources */,
				9B41B45E1C16428000814F96 /* Main.storyboard in Resources */,
			);
			runOnlyForDeploymentPostprocessing = 0;
		};
		9B41B4671C16428000814F96 /* Resources */ = {
			isa = PBXResourcesBuildPhase;
			buildActionMask = 2147483647;
			files = (
			);
			runOnlyForDeploymentPostprocessing = 0;
		};
		9B41B4721C16428000814F96 /* Resources */ = {
			isa = PBXResourcesBuildPhase;
			buildActionMask = 2147483647;
			files = (
			);
			runOnlyForDeploymentPostprocessing = 0;
		};
/* End PBXResourcesBuildPhase section */

/* Begin PBXSourcesBuildPhase section */
		9B41B4511C16428000814F96 /* Sources */ = {
			isa = PBXSourcesBuildPhase;
			buildActionMask = 2147483647;
			files = (
				9B3C6DF01CB8B7FC00AC512B /* SongModel.swift in Sources */,
				9B41B45B1C16428000814F96 /* ViewController.swift in Sources */,
				9B41B4591C16428000814F96 /* AppDelegate.swift in Sources */,
			);
			runOnlyForDeploymentPostprocessing = 0;
		};
		9B41B4651C16428000814F96 /* Sources */ = {
			isa = PBXSourcesBuildPhase;
			buildActionMask = 2147483647;
			files = (
				9B41B46E1C16428000814F96 /* songfinTests.swift in Sources */,
			);
			runOnlyForDeploymentPostprocessing = 0;
		};
		9B41B4701C16428000814F96 /* Sources */ = {
			isa = PBXSourcesBuildPhase;
			buildActionMask = 2147483647;
			files = (
				9B41B4791C16428000814F96 /* songfinUITests.swift in Sources */,
			);
			runOnlyForDeploymentPostprocessing = 0;
		};
/* End PBXSourcesBuildPhase section */

/* Begin PBXTargetDependency section */
		9B41B46B1C16428000814F96 /* PBXTargetDependency */ = {
			isa = PBXTargetDependency;
			target = 9B41B4541C16428000814F96 /* songfin */;
			targetProxy = 9B41B46A1C16428000814F96 /* PBXContainerItemProxy */;
		};
		9B41B4761C16428000814F96 /* PBXTargetDependency */ = {
			isa = PBXTargetDependency;
			target = 9B41B4541C16428000814F96 /* songfin */;
			targetProxy = 9B41B4751C16428000814F96 /* PBXContainerItemProxy */;
		};
/* End PBXTargetDependency section */

/* Begin PBXVariantGroup section */
		9B41B45C1C16428000814F96 /* Main.storyboard */ = {
			isa = PBXVariantGroup;
			children = (
				9B41B45D1C16428000814F96 /* Base */,
			);
			name = Main.storyboard;
			sourceTree = "<group>";
		};
		9B41B4611C16428000814F96 /* LaunchScreen.storyboard */ = {
			isa = PBXVariantGroup;
			children = (
				9B41B4621C16428000814F96 /* Base */,
			);
			name = LaunchScreen.storyboard;
			sourceTree = "<group>";
		};
/* End PBXVariantGroup section */

/* Begin XCBuildConfiguration section */
		9B41B47B1C16428000814F96 /* Debug */ = {
			isa = XCBuildConfiguration;
			buildSettings = {
				ALWAYS_SEARCH_USER_PATHS = NO;
				CLANG_CXX_LANGUAGE_STANDARD = "gnu++0x";
				CLANG_CXX_LIBRARY = "libc++";
				CLANG_ENABLE_MODULES = YES;
				CLANG_ENABLE_OBJC_ARC = YES;
				CLANG_WARN_BOOL_CONVERSION = YES;
				CLANG_WARN_CONSTANT_CONVERSION = YES;
				CLANG_WARN_DIRECT_OBJC_ISA_USAGE = YES_ERROR;
				CLANG_WARN_EMPTY_BODY = YES;
				CLANG_WARN_ENUM_CONVERSION = YES;
				CLANG_WARN_INT_CONVERSION = YES;
				CLANG_WARN_OBJC_ROOT_CLASS = YES_ERROR;
				CLANG_WARN_UNREACHABLE_CODE = YES;
				CLANG_WARN__DUPLICATE_METHOD_MATCH = YES;
				"CODE_SIGN_IDENTITY[sdk=iphoneos*]" = "iPhone Developer";
				COPY_PHASE_STRIP = NO;
				DEBUG_INFORMATION_FORMAT = dwarf;
				ENABLE_STRICT_OBJC_MSGSEND = YES;
				ENABLE_TESTABILITY = YES;
				GCC_C_LANGUAGE_STANDARD = gnu99;
				GCC_DYNAMIC_NO_PIC = NO;
				GCC_NO_COMMON_BLOCKS = YES;
				GCC_OPTIMIZATION_LEVEL = 0;
				GCC_PREPROCESSOR_DEFINITIONS = (
					"DEBUG=1",
					"$(inherited)",
				);
				GCC_WARN_64_TO_32_BIT_CONVERSION = YES;
				GCC_WARN_ABOUT_RETURN_TYPE = YES_ERROR;
				GCC_WARN_UNDECLARED_SELECTOR = YES;
				GCC_WARN_UNINITIALIZED_AUTOS = YES_AGGRESSIVE;
				GCC_WARN_UNUSED_FUNCTION = YES;
				GCC_WARN_UNUSED_VARIABLE = YES;
				IPHONEOS_DEPLOYMENT_TARGET = 9.1;
				MTL_ENABLE_DEBUG_INFO = YES;
				ONLY_ACTIVE_ARCH = YES;
				SDKROOT = iphoneos;
				SWIFT_OPTIMIZATION_LEVEL = "-Onone";
			};
			name = Debug;
		};
		9B41B47C1C16428000814F96 /* Release */ = {
			isa = XCBuildConfiguration;
			buildSettings = {
				ALWAYS_SEARCH_USER_PATHS = NO;
				CLANG_CXX_LANGUAGE_STANDARD = "gnu++0x";
				CLANG_CXX_LIBRARY = "libc++";
				CLANG_ENABLE_MODULES = YES;
				CLANG_ENABLE_OBJC_ARC = YES;
				CLANG_WARN_BOOL_CONVERSION = YES;
				CLANG_WARN_CONSTANT_CONVERSION = YES;
				CLANG_WARN_DIRECT_OBJC_ISA_USAGE = YES_ERROR;
				CLANG_WARN_EMPTY_BODY = YES;
				CLANG_WARN_ENUM_CONVERSION = YES;
				CLANG_WARN_INT_CONVERSION = YES;
				CLANG_WARN_OBJC_ROOT_CLASS = YES_ERROR;
				CLANG_WARN_UNREACHABLE_CODE = YES;
				CLANG_WARN__DUPLICATE_METHOD_MATCH = YES;
				"CODE_SIGN_IDENTITY[sdk=iphoneos*]" = "iPhone Developer";
				COPY_PHASE_STRIP = NO;
				DEBUG_INFORMATION_FORMAT = "dwarf-with-dsym";
				ENABLE_NS_ASSERTIONS = NO;
				ENABLE_STRICT_OBJC_MSGSEND = YES;
				GCC_C_LANGUAGE_STANDARD = gnu99;
				GCC_NO_COMMON_BLOCKS = YES;
				GCC_WARN_64_TO_32_BIT_CONVERSION = YES;
				GCC_WARN_ABOUT_RETURN_TYPE = YES_ERROR;
				GCC_WARN_UNDECLARED_SELECTOR = YES;
				GCC_WARN_UNINITIALIZED_AUTOS = YES_AGGRESSIVE;
				GCC_WARN_UNUSED_FUNCTION = YES;
				GCC_WARN_UNUSED_VARIABLE = YES;
				IPHONEOS_DEPLOYMENT_TARGET = 9.1;
				MTL_ENABLE_DEBUG_INFO = NO;
				SDKROOT = iphoneos;
				VALIDATE_PRODUCT = YES;
			};
			name = Release;
		};
		9B41B47E1C16428000814F96 /* Debug */ = {
			isa = XCBuildConfiguration;
			buildSettings = {
				ASSETCATALOG_COMPILER_APPICON_NAME = AppIcon;
				INFOPLIST_FILE = songfin/Info.plist;
				LD_RUNPATH_SEARCH_PATHS = "$(inherited) @executable_path/Frameworks";
				PRODUCT_BUNDLE_IDENTIFIER = com.songfininc.songfin;
				PRODUCT_NAME = "$(TARGET_NAME)";
				SWIFT_VERSION = 3.0;
			};
			name = Debug;
		};
		9B41B47F1C16428000814F96 /* Release */ = {
			isa = XCBuildConfiguration;
			buildSettings = {
				ASSETCATALOG_COMPILER_APPICON_NAME = AppIcon;
				INFOPLIST_FILE = songfin/Info.plist;
				LD_RUNPATH_SEARCH_PATHS = "$(inherited) @executable_path/Frameworks";
				PRODUCT_BUNDLE_IDENTIFIER = com.songfininc.songfin;
				PRODUCT_NAME = "$(TARGET_NAME)";
				SWIFT_VERSION = 3.0;
			};
			name = Release;
		};
		9B41B4811C16428000814F96 /* Debug */ = {
			isa = XCBuildConfiguration;
			buildSettings = {
				BUNDLE_LOADER = "$(TEST_HOST)";
				INFOPLIST_FILE = songfinTests/Info.plist;
				LD_RUNPATH_SEARCH_PATHS = "$(inherited) @executable_path/Frameworks @loader_path/Frameworks";
				PRODUCT_BUNDLE_IDENTIFIER = com.songfininc.songfinTests;
				PRODUCT_NAME = "$(TARGET_NAME)";
				SWIFT_VERSION = 3.0;
				TEST_HOST = "$(BUILT_PRODUCTS_DIR)/songfin.app/songfin";
			};
			name = Debug;
		};
		9B41B4821C16428000814F96 /* Release */ = {
			isa = XCBuildConfiguration;
			buildSettings = {
				BUNDLE_LOADER = "$(TEST_HOST)";
				INFOPLIST_FILE = songfinTests/Info.plist;
				LD_RUNPATH_SEARCH_PATHS = "$(inherited) @executable_path/Frameworks @loader_path/Frameworks";
				PRODUCT_BUNDLE_IDENTIFIER = com.songfininc.songfinTests;
				PRODUCT_NAME = "$(TARGET_NAME)";
				SWIFT_VERSION = 3.0;
				TEST_HOST = "$(BUILT_PRODUCTS_DIR)/songfin.app/songfin";
			};
			name = Release;
		};
		9B41B4841C16428000814F96 /* Debug */ = {
			isa = XCBuildConfiguration;
			buildSettings = {
				INFOPLIST_FILE = songfinUITests/Info.plist;
				LD_RUNPATH_SEARCH_PATHS = "$(inherited) @executable_path/Frameworks @loader_path/Frameworks";
				PRODUCT_BUNDLE_IDENTIFIER = com.songfininc.songfinUITests;
				PRODUCT_NAME = "$(TARGET_NAME)";
				SWIFT_VERSION = 3.0;
				TEST_TARGET_NAME = songfin;
				USES_XCTRUNNER = YES;
			};
			name = Debug;
		};
		9B41B4851C16428000814F96 /* Release */ = {
			isa = XCBuildConfiguration;
			buildSettings = {
				INFOPLIST_FILE = songfinUITests/Info.plist;
				LD_RUNPATH_SEARCH_PATHS = "$(inherited) @executable_path/Frameworks @loader_path/Frameworks";
				PRODUCT_BUNDLE_IDENTIFIER = com.songfininc.songfinUITests;
				PRODUCT_NAME = "$(TARGET_NAME)";
				SWIFT_VERSION = 3.0;
				TEST_TARGET_NAME = songfin;
				USES_XCTRUNNER = YES;
			};
			name = Release;
		};
/* End XCBuildConfiguration section */

/* Begin XCConfigurationList section */
		9B41B4501C16428000814F96 /* Build configuration list for PBXProject "songfin" */ = {
			isa = XCConfigurationList;
			buildConfigurations = (
				9B41B47B1C16428000814F96 /* Debug */,
				9B41B47C1C16428000814F96 /* Release */,
			);
			defaultConfigurationIsVisible = 0;
			defaultConfigurationName = Release;
		};
		9B41B47D1C16428000814F96 /* Build configuration list for PBXNativeTarget "songfin" */ = {
			isa = XCConfigurationList;
			buildConfigurations = (
				9B41B47E1C16428000814F96 /* Debug */,
				9B41B47F1C16428000814F96 /* Release */,
			);
			defaultConfigurationIsVisible = 0;
			defaultConfigurationName = Release;
		};
		9B41B4801C16428000814F96 /* Build configuration list for PBXNativeTarget "songfinTests" */ = {
			isa = XCConfigurationList;
			buildConfigurations = (
				9B41B4811C16428000814F96 /* Debug */,
				9B41B4821C16428000814F96 /* Release */,
			);
			defaultConfigurationIsVisible = 0;
			defaultConfigurationName = Release;
		};
		9B41B4831C16428000814F96 /* Build configuration list for PBXNativeTarget "songfinUITests" */ = {
			isa = XCConfigurationList;
			buildConfigurations = (
				9B41B4841C16428000814F96 /* Debug */,
				9B41B4851C16428000814F96 /* Release */,
			);
			defaultConfigurationIsVisible = 0;
			defaultConfigurationName = Release;
		};
/* End XCConfigurationList section */
	};
	rootObject = 9B41B44D1C16428000814F96 /* Project object */;
}
